
Microsoft Visual Studio Solution File, Format Version 12.00
# Visual Studio 15
VisualStudioVersion = 15.0.28307.136
MinimumVisualStudioVersion = 10.0.40219.1
Project("{FAE04EC0-301F-11D3-BF4B-00C04F79EFBC}") = "Gxkm", "Gxkm\Gxkm.csproj", "{226B8491-8C6D-495D-818D-0D2CF46E385D}"
EndProject
Global
	GlobalSection(SolutionConfigurationPlatforms) = preSolution
		Debug|Any CPU = Debug|Any CPU
		Release|Any CPU = Release|Any CPU
	EndGlobalSection
	GlobalSection(ProjectConfigurationPlatforms) = postSolution
		{226B8491-8C6D-495D-818D-0D2CF46E385D}.Debug|Any CPU.ActiveCfg = Debug|Any CPU
		{226B8491-8C6D-495D-818D-0D2CF46E385D}.Debug|Any CPU.Build.0 = Debug|Any CPU
		{226B8491-8C6D-495D-818D-0D2CF46E385D}.Release|Any CPU.ActiveCfg = Release|Any CPU
		{226B8491-8C6D-495D-818D-0D2CF46E385D}.Release|Any CPU.Build.0 = Release|Any CPU
	EndGlobalSection
	GlobalSection(SolutionProperties) = preSolution
		HideSolutionNode = FALSE
	EndGlobalSection
	GlobalSection(ExtensibilityGlobals) = postSolution
		SolutionGuid = {FC494D45-DEB9-4BB5-9794-40F85F4F8DD6}
	EndGlobalSection
EndGlobal
